
Microsoft Visual Studio Solution File, Format Version 12.00
# Visual Studio Version 17
VisualStudioVersion = 17.4.33213.308
MinimumVisualStudioVersion = 10.0.40219.1
Project("{FAE04EC0-301F-11D3-BF4B-00C04F79EFBC}") = "BlazorTestes", "BlazorTestes\BlazorTestes.csproj", "{550ECCE7-4B75-475F-A3CA-C28040FE2F00}"
EndProject
Project("{FAE04EC0-301F-11D3-BF4B-00C04F79EFBC}") = "BlazorTeste.Shared", "BlazorTeste.Shared\BlazorTeste.Shared.csproj", "{1B8AC6CC-9384-4DCD-A6B8-111558B31A68}"
EndProject
Global
	GlobalSection(SolutionConfigurationPlatforms) = preSolution
		Debug|Any CPU = Debug|Any CPU
		Release|Any CPU = Release|Any CPU
	EndGlobalSection
	GlobalSection(ProjectConfigurationPlatforms) = postSolution
		{550ECCE7-4B75-475F-A3CA-C28040FE2F00}.Debug|Any CPU.ActiveCfg = Debug|Any CPU
		{550ECCE7-4B75-475F-A3CA-C28040FE2F00}.Debug|Any CPU.Build.0 = Debug|Any CPU
		{550ECCE7-4B75-475F-A3CA-C28040FE2F00}.Release|Any CPU.ActiveCfg = Release|Any CPU
		{550ECCE7-4B75-475F-A3CA-C28040FE2F00}.Release|Any CPU.Build.0 = Release|Any CPU
		{1B8AC6CC-9384-4DCD-A6B8-111558B31A68}.Debug|Any CPU.ActiveCfg = Debug|Any CPU
		{1B8AC6CC-9384-4DCD-A6B8-111558B31A68}.Debug|Any CPU.Build.0 = Debug|Any CPU
		{1B8AC6CC-9384-4DCD-A6B8-111558B31A68}.Release|Any CPU.ActiveCfg = Release|Any CPU
		{1B8AC6CC-9384-4DCD-A6B8-111558B31A68}.Release|Any CPU.Build.0 = Release|Any CPU
	EndGlobalSection
	GlobalSection(SolutionProperties) = preSolution
		HideSolutionNode = FALSE
	EndGlobalSection
	GlobalSection(ExtensibilityGlobals) = postSolution
		SolutionGuid = {C4410FBE-DC3F-41CC-9468-15BD264CA2C5}
	EndGlobalSection
EndGlobal
